dependencies:
- name: mongodb
  repository: https://charts.bitnami.com/bitnami
  version: 16.4.2
- name: kube-prometheus
  repository: oci://registry-1.docker.io/bitnamicharts
  version: 11.1.3
- name: grafana
  repository: https://charts.bitnami.com/bitnami
  version: 11.4.7
digest: sha256:6d053e674bc63cca53f9f7025228c81ecb14606679641e8e902c89b704e4bd69
generated: "2025-03-18T16:45:43.120521089+01:00"
